Microsoft Visual Studio Solution File, Format Version 12.00
# Visual Studio Version 17
VisualStudioVersion = 17.5.2.0
MinimumVisualStudioVersion = 10.0.40219.1
Project("{FAE04EC0-301F-11D3-BF4B-00C04F79EFBC}") = "LearnWASM", "LearnWASM\LearnWASM.csproj", "{95F48AD5-6CE2-5473-C1D2-89D0AC3D6D6A}"
EndProject
Global
	GlobalSection(SolutionConfigurationPlatforms) = preSolution
		Debug|Any CPU = Debug|Any CPU
		Release|Any CPU = Release|Any CPU
	EndGlobalSection
	GlobalSection(ProjectConfigurationPlatforms) = postSolution
		{95F48AD5-6CE2-5473-C1D2-89D0AC3D6D6A}.Debug|Any CPU.ActiveCfg = Debug|Any CPU
		{95F48AD5-6CE2-5473-C1D2-89D0AC3D6D6A}.Debug|Any CPU.Build.0 = Debug|Any CPU
		{95F48AD5-6CE2-5473-C1D2-89D0AC3D6D6A}.Release|Any CPU.ActiveCfg = Release|Any CPU
		{95F48AD5-6CE2-5473-C1D2-89D0AC3D6D6A}.Release|Any CPU.Build.0 = Release|Any CPU
	EndGlobalSection
	GlobalSection(SolutionProperties) = preSolution
		HideSolutionNode = FALSE
	EndGlobalSection
	GlobalSection(ExtensibilityGlobals) = postSolution
		SolutionGuid = {6F5FD2EF-EA37-40A7-935F-D8B0026C9312}
	EndGlobalSection
EndGlobal
